
Microsoft Visual Studio Solution File, Format Version 12.00
# Visual Studio 15
VisualStudioVersion = 15.0.28307.106
MinimumVisualStudioVersion = 10.0.40219.1
Project("{2150E333-8FDC-42A3-9474-1A3956D46DE8}") = "Applications", "Applications", "{EDEAB0A2-832D-49E1-ADC0-42BD4B556916}"
EndProject
Project("{2150E333-8FDC-42A3-9474-1A3956D46DE8}") = "Services", "Services", "{666B0EC7-D09D-4112-9514-B938D88CFBA0}"
EndProject
Project("{FAE04EC0-301F-11D3-BF4B-00C04F79EFBC}") = "SportsIq.Models", "SportsIq.Models\SportsIq.Models.csproj", "{0866EDA0-9A24-4D8A-B902-00F97A4919B0}"
EndProject
Project("{FAE04EC0-301F-11D3-BF4B-00C04F79EFBC}") = "SportsIq.SqlDataAccess", "SportsIq.SqlDataAccess\SportsIq.SqlDataAccess.csproj", "{403D8AF2-E670-40E0-9B21-6AB8C97ECA7B}"
EndProject
Project("{FAE04EC0-301F-11D3-BF4B-00C04F79EFBC}") = "SportsIq.NoSqlDataAccess", "SportsIq.NoSqlDataAccess\SportsIq.NoSqlDataAccess.csproj", "{5D3A066B-5544-4DF1-A57F-23616EAFDE59}"
EndProject
Project("{FAE04EC0-301F-11D3-BF4B-00C04F79EFBC}") = "SportsIq.Analytica", "SportsIq.Analytica\SportsIq.Analytica.csproj", "{754C860B-18B0-41A3-B76A-0C0DC9CAEC73}"
EndProject
Project("{2150E333-8FDC-42A3-9474-1A3956D46DE8}") = "Tests", "Tests", "{CDE0EC52-C979-44EA-9EF4-7B91B53125F8}"
EndProject
Project("{FAE04EC0-301F-11D3-BF4B-00C04F79EFBC}") = "SportsIq.Utilities", "SportsIq.Utilities\SportsIq.Utilities.csproj", "{F803531E-4FB0-41A4-8725-76BF7D2821EA}"
EndProject
Project("{2150E333-8FDC-42A3-9474-1A3956D46DE8}") = "Common", "Common", "{362D8E3D-36CA-4143-8A3A-AE3BE0A3F8B7}"
EndProject
Project("{FAE04EC0-301F-11D3-BF4B-00C04F79EFBC}") = "SportsIq.PubSub", "SportsIq.PubSub\SportsIq.PubSub.csproj", "{C8382B08-C7AF-48DB-9AFC-4E5D534351EA}"
EndProject
Project("{FAE04EC0-301F-11D3-BF4B-00C04F79EFBC}") = "SportsIq.SportsRadar", "SportsIq.SportsRadar\SportsIq.SportsRadar.csproj", "{5BA29D16-4385-48C8-A270-6AD593607496}"
EndProject
Project("{FAE04EC0-301F-11D3-BF4B-00C04F79EFBC}") = "SportsIq.Mlb", "SportsIq.Mlb\SportsIq.Mlb.csproj", "{CEFDFE5C-A328-4C10-A82C-E418F73D7FCF}"
EndProject
Project("{FAE04EC0-301F-11D3-BF4B-00C04F79EFBC}") = "SportsIq.Pusher", "SportsIq.Pusher\SportsIq.Pusher.csproj", "{1DB2F3F6-D3D3-4EA9-8401-ED0B43D6F14B}"
EndProject
Project("{FAE04EC0-301F-11D3-BF4B-00C04F79EFBC}") = "SportsIq.Distributor", "SportsIq.Distributor\SportsIq.Distributor.csproj", "{BA69C99D-16EE-4C12-A520-536D7373AA20}"
EndProject
Project("{FAE04EC0-301F-11D3-BF4B-00C04F79EFBC}") = "SportsIq.Games", "SportsIq.Games\SportsIq.Games.csproj", "{11A10D28-8AE6-4C22-ACB2-227F099EAD57}"
EndProject
Project("{FAE04EC0-301F-11D3-BF4B-00C04F79EFBC}") = "SportsIq.DependencyInjection", "SportsIq.DependencyInjection\SportsIq.DependencyInjection.csproj", "{E1C27593-AF42-4708-AA18-59B677FE2C93}"
EndProject
Project("{FAE04EC0-301F-11D3-BF4B-00C04F79EFBC}") = "SportsIq.Wnba", "SportsIq.Wnba\SportsIq.Wnba.csproj", "{CE169DAA-2A00-4BA1-BBEC-E29B791A6C0B}"
EndProject
Project("{FAE04EC0-301F-11D3-BF4B-00C04F79EFBC}") = "SportsIq.Demo.Tests", "SportsIq.Demo.Tests\SportsIq.Demo.Tests.csproj", "{C247F2B8-DFE8-46CE-8DE5-3BDFA6C7252E}"
EndProject
Project("{FAE04EC0-301F-11D3-BF4B-00C04F79EFBC}") = "SportsIq.Nfl", "SportsIq.Nfl\SportsIq.Nfl.csproj", "{B3C667A7-098F-4C4B-896F-7AC5D50AF4B2}"
EndProject
Project("{FAE04EC0-301F-11D3-BF4B-00C04F79EFBC}") = "SportsIq.SqlDataAccess.Tests", "SportsIq.SqlDataAccess.Tests\SportsIq.SqlDataAccess.Tests.csproj", "{2BA84D28-48D9-4221-B358-74BD0FF1399C}"
EndProject
Project("{FAE04EC0-301F-11D3-BF4B-00C04F79EFBC}") = "SportsIq.SportsRadar.Tests", "SportsIq.SportsRadar.Tests\SportsIq.SportsRadar.Tests.csproj", "{0F9AF2FB-3136-4458-A5AB-1F5C42DE360F}"
EndProject
Project("{FAE04EC0-301F-11D3-BF4B-00C04F79EFBC}") = "SportsIq.MainConsoleTemplate", "SportsIq.MainConsoleTemplate\SportsIq.MainConsoleTemplate.csproj", "{6A74CF42-BFE5-4055-BFED-F2C16B830514}"
EndProject
Project("{FAE04EC0-301F-11D3-BF4B-00C04F79EFBC}") = "SportsIq.Nhl", "SportsIq.Nhl\SportsIq.Nhl.csproj", "{9A898EC2-ABEA-4C00-BF90-400949FB9AEE}"
EndProject
Project("{FAE04EC0-301F-11D3-BF4B-00C04F79EFBC}") = "SportsIq.Ncaafb", "SportsIq.Ncaafb\SportsIq.Ncaafb.csproj", "{40A9BBF0-92B1-47FE-AA0A-181A96322F66}"
EndProject
Project("{FAE04EC0-301F-11D3-BF4B-00C04F79EFBC}") = "SportsIq.Nba", "SportsIq.Nba\SportsIq.Nba.csproj", "{534214D7-69F6-4E2A-B6A4-7BF1D26247EB}"
EndProject
Project("{FAE04EC0-301F-11D3-BF4B-00C04F79EFBC}") = "SportsIq.Ncaabb", "SportsIq.Ncaabb\SportsIq.Ncaabb.csproj", "{1AE6C882-A377-4E19-85CA-BED6CDD245D9}"
EndProject
Global
	GlobalSection(SolutionConfigurationPlatforms) = preSolution
		Debug|Any CPU = Debug|Any CPU
		Release|Any CPU = Release|Any CPU
	EndGlobalSection
	GlobalSection(ProjectConfigurationPlatforms) = postSolution
		{0866EDA0-9A24-4D8A-B902-00F97A4919B0}.Debug|Any CPU.ActiveCfg = Debug|Any CPU
		{0866EDA0-9A24-4D8A-B902-00F97A4919B0}.Debug|Any CPU.Build.0 = Debug|Any CPU
		{0866EDA0-9A24-4D8A-B902-00F97A4919B0}.Release|Any CPU.ActiveCfg = Release|Any CPU
		{0866EDA0-9A24-4D8A-B902-00F97A4919B0}.Release|Any CPU.Build.0 = Release|Any CPU
		{403D8AF2-E670-40E0-9B21-6AB8C97ECA7B}.Debug|Any CPU.ActiveCfg = Debug|Any CPU
		{403D8AF2-E670-40E0-9B21-6AB8C97ECA7B}.Debug|Any CPU.Build.0 = Debug|Any CPU
		{403D8AF2-E670-40E0-9B21-6AB8C97ECA7B}.Release|Any CPU.ActiveCfg = Release|Any CPU
		{403D8AF2-E670-40E0-9B21-6AB8C97ECA7B}.Release|Any CPU.Build.0 = Release|Any CPU
		{5D3A066B-5544-4DF1-A57F-23616EAFDE59}.Debug|Any CPU.ActiveCfg = Debug|Any CPU
		{5D3A066B-5544-4DF1-A57F-23616EAFDE59}.Debug|Any CPU.Build.0 = Debug|Any CPU
		{5D3A066B-5544-4DF1-A57F-23616EAFDE59}.Release|Any CPU.ActiveCfg = Release|Any CPU
		{5D3A066B-5544-4DF1-A57F-23616EAFDE59}.Release|Any CPU.Build.0 = Release|Any CPU
		{754C860B-18B0-41A3-B76A-0C0DC9CAEC73}.Debug|Any CPU.ActiveCfg = Debug|Any CPU
		{754C860B-18B0-41A3-B76A-0C0DC9CAEC73}.Debug|Any CPU.Build.0 = Debug|Any CPU
		{754C860B-18B0-41A3-B76A-0C0DC9CAEC73}.Release|Any CPU.ActiveCfg = Release|Any CPU
		{754C860B-18B0-41A3-B76A-0C0DC9CAEC73}.Release|Any CPU.Build.0 = Release|Any CPU
		{F803531E-4FB0-41A4-8725-76BF7D2821EA}.Debug|Any CPU.ActiveCfg = Debug|Any CPU
		{F803531E-4FB0-41A4-8725-76BF7D2821EA}.Debug|Any CPU.Build.0 = Debug|Any CPU
		{F803531E-4FB0-41A4-8725-76BF7D2821EA}.Release|Any CPU.ActiveCfg = Release|Any CPU
		{F803531E-4FB0-41A4-8725-76BF7D2821EA}.Release|Any CPU.Build.0 = Release|Any CPU
		{C8382B08-C7AF-48DB-9AFC-4E5D534351EA}.Debug|Any CPU.ActiveCfg = Debug|Any CPU
		{C8382B08-C7AF-48DB-9AFC-4E5D534351EA}.Debug|Any CPU.Build.0 = Debug|Any CPU
		{C8382B08-C7AF-48DB-9AFC-4E5D534351EA}.Release|Any CPU.ActiveCfg = Release|Any CPU
		{C8382B08-C7AF-48DB-9AFC-4E5D534351EA}.Release|Any CPU.Build.0 = Release|Any CPU
		{5BA29D16-4385-48C8-A270-6AD593607496}.Debug|Any CPU.ActiveCfg = Debug|Any CPU
		{5BA29D16-4385-48C8-A270-6AD593607496}.Debug|Any CPU.Build.0 = Debug|Any CPU
		{5BA29D16-4385-48C8-A270-6AD593607496}.Release|Any CPU.ActiveCfg = Release|Any CPU
		{5BA29D16-4385-48C8-A270-6AD593607496}.Release|Any CPU.Build.0 = Release|Any CPU
		{CEFDFE5C-A328-4C10-A82C-E418F73D7FCF}.Debug|Any CPU.ActiveCfg = Debug|Any CPU
		{CEFDFE5C-A328-4C10-A82C-E418F73D7FCF}.Debug|Any CPU.Build.0 = Debug|Any CPU
		{CEFDFE5C-A328-4C10-A82C-E418F73D7FCF}.Release|Any CPU.ActiveCfg = Release|Any CPU
		{CEFDFE5C-A328-4C10-A82C-E418F73D7FCF}.Release|Any CPU.Build.0 = Release|Any CPU
		{1DB2F3F6-D3D3-4EA9-8401-ED0B43D6F14B}.Debug|Any CPU.ActiveCfg = Debug|Any CPU
		{1DB2F3F6-D3D3-4EA9-8401-ED0B43D6F14B}.Debug|Any CPU.Build.0 = Debug|Any CPU
		{1DB2F3F6-D3D3-4EA9-8401-ED0B43D6F14B}.Release|Any CPU.ActiveCfg = Release|Any CPU
		{1DB2F3F6-D3D3-4EA9-8401-ED0B43D6F14B}.Release|Any CPU.Build.0 = Release|Any CPU
		{BA69C99D-16EE-4C12-A520-536D7373AA20}.Debug|Any CPU.ActiveCfg = Debug|Any CPU
		{BA69C99D-16EE-4C12-A520-536D7373AA20}.Debug|Any CPU.Build.0 = Debug|Any CPU
		{BA69C99D-16EE-4C12-A520-536D7373AA20}.Release|Any CPU.ActiveCfg = Release|Any CPU
		{BA69C99D-16EE-4C12-A520-536D7373AA20}.Release|Any CPU.Build.0 = Release|Any CPU
		{11A10D28-8AE6-4C22-ACB2-227F099EAD57}.Debug|Any CPU.ActiveCfg = Debug|Any CPU
		{11A10D28-8AE6-4C22-ACB2-227F099EAD57}.Debug|Any CPU.Build.0 = Debug|Any CPU
		{11A10D28-8AE6-4C22-ACB2-227F099EAD57}.Release|Any CPU.ActiveCfg = Release|Any CPU
		{11A10D28-8AE6-4C22-ACB2-227F099EAD57}.Release|Any CPU.Build.0 = Release|Any CPU
		{E1C27593-AF42-4708-AA18-59B677FE2C93}.Debug|Any CPU.ActiveCfg = Debug|Any CPU
		{E1C27593-AF42-4708-AA18-59B677FE2C93}.Debug|Any CPU.Build.0 = Debug|Any CPU
		{E1C27593-AF42-4708-AA18-59B677FE2C93}.Release|Any CPU.ActiveCfg = Release|Any CPU
		{E1C27593-AF42-4708-AA18-59B677FE2C93}.Release|Any CPU.Build.0 = Release|Any CPU
		{CE169DAA-2A00-4BA1-BBEC-E29B791A6C0B}.Debug|Any CPU.ActiveCfg = Debug|Any CPU
		{CE169DAA-2A00-4BA1-BBEC-E29B791A6C0B}.Debug|Any CPU.Build.0 = Debug|Any CPU
		{CE169DAA-2A00-4BA1-BBEC-E29B791A6C0B}.Release|Any CPU.ActiveCfg = Release|Any CPU
		{CE169DAA-2A00-4BA1-BBEC-E29B791A6C0B}.Release|Any CPU.Build.0 = Release|Any CPU
		{C247F2B8-DFE8-46CE-8DE5-3BDFA6C7252E}.Debug|Any CPU.ActiveCfg = Debug|Any CPU
		{C247F2B8-DFE8-46CE-8DE5-3BDFA6C7252E}.Debug|Any CPU.Build.0 = Debug|Any CPU
		{C247F2B8-DFE8-46CE-8DE5-3BDFA6C7252E}.Release|Any CPU.ActiveCfg = Release|Any CPU
		{C247F2B8-DFE8-46CE-8DE5-3BDFA6C7252E}.Release|Any CPU.Build.0 = Release|Any CPU
		{B3C667A7-098F-4C4B-896F-7AC5D50AF4B2}.Debug|Any CPU.ActiveCfg = Debug|Any CPU
		{B3C667A7-098F-4C4B-896F-7AC5D50AF4B2}.Debug|Any CPU.Build.0 = Debug|Any CPU
		{B3C667A7-098F-4C4B-896F-7AC5D50AF4B2}.Release|Any CPU.ActiveCfg = Release|Any CPU
		{B3C667A7-098F-4C4B-896F-7AC5D50AF4B2}.Release|Any CPU.Build.0 = Release|Any CPU
		{2BA84D28-48D9-4221-B358-74BD0FF1399C}.Debug|Any CPU.ActiveCfg = Debug|Any CPU
		{2BA84D28-48D9-4221-B358-74BD0FF1399C}.Debug|Any CPU.Build.0 = Debug|Any CPU
		{2BA84D28-48D9-4221-B358-74BD0FF1399C}.Release|Any CPU.ActiveCfg = Release|Any CPU
		{2BA84D28-48D9-4221-B358-74BD0FF1399C}.Release|Any CPU.Build.0 = Release|Any CPU
		{0F9AF2FB-3136-4458-A5AB-1F5C42DE360F}.Debug|Any CPU.ActiveCfg = Debug|Any CPU
		{0F9AF2FB-3136-4458-A5AB-1F5C42DE360F}.Debug|Any CPU.Build.0 = Debug|Any CPU
		{0F9AF2FB-3136-4458-A5AB-1F5C42DE360F}.Release|Any CPU.ActiveCfg = Release|Any CPU
		{0F9AF2FB-3136-4458-A5AB-1F5C42DE360F}.Release|Any CPU.Build.0 = Release|Any CPU
		{6A74CF42-BFE5-4055-BFED-F2C16B830514}.Debug|Any CPU.ActiveCfg = Debug|Any CPU
		{6A74CF42-BFE5-4055-BFED-F2C16B830514}.Debug|Any CPU.Build.0 = Debug|Any CPU
		{6A74CF42-BFE5-4055-BFED-F2C16B830514}.Release|Any CPU.ActiveCfg = Release|Any CPU
		{6A74CF42-BFE5-4055-BFED-F2C16B830514}.Release|Any CPU.Build.0 = Release|Any CPU
		{9A898EC2-ABEA-4C00-BF90-400949FB9AEE}.Debug|Any CPU.ActiveCfg = Debug|Any CPU
		{9A898EC2-ABEA-4C00-BF90-400949FB9AEE}.Debug|Any CPU.Build.0 = Debug|Any CPU
		{9A898EC2-ABEA-4C00-BF90-400949FB9AEE}.Release|Any CPU.ActiveCfg = Release|Any CPU
		{9A898EC2-ABEA-4C00-BF90-400949FB9AEE}.Release|Any CPU.Build.0 = Release|Any CPU
		{40A9BBF0-92B1-47FE-AA0A-181A96322F66}.Debug|Any CPU.ActiveCfg = Debug|Any CPU
		{40A9BBF0-92B1-47FE-AA0A-181A96322F66}.Debug|Any CPU.Build.0 = Debug|Any CPU
		{40A9BBF0-92B1-47FE-AA0A-181A96322F66}.Release|Any CPU.ActiveCfg = Release|Any CPU
		{40A9BBF0-92B1-47FE-AA0A-181A96322F66}.Release|Any CPU.Build.0 = Release|Any CPU
		{534214D7-69F6-4E2A-B6A4-7BF1D26247EB}.Debug|Any CPU.ActiveCfg = Debug|Any CPU
		{534214D7-69F6-4E2A-B6A4-7BF1D26247EB}.Debug|Any CPU.Build.0 = Debug|Any CPU
		{534214D7-69F6-4E2A-B6A4-7BF1D26247EB}.Release|Any CPU.ActiveCfg = Release|Any CPU
		{534214D7-69F6-4E2A-B6A4-7BF1D26247EB}.Release|Any CPU.Build.0 = Release|Any CPU
		{1AE6C882-A377-4E19-85CA-BED6CDD245D9}.Debug|Any CPU.ActiveCfg = Debug|Any CPU
		{1AE6C882-A377-4E19-85CA-BED6CDD245D9}.Debug|Any CPU.Build.0 = Debug|Any CPU
		{1AE6C882-A377-4E19-85CA-BED6CDD245D9}.Release|Any CPU.ActiveCfg = Release|Any CPU
		{1AE6C882-A377-4E19-85CA-BED6CDD245D9}.Release|Any CPU.Build.0 = Release|Any CPU
	EndGlobalSection
	GlobalSection(SolutionProperties) = preSolution
		HideSolutionNode = FALSE
	EndGlobalSection
	GlobalSection(NestedProjects) = preSolution
		{0866EDA0-9A24-4D8A-B902-00F97A4919B0} = {362D8E3D-36CA-4143-8A3A-AE3BE0A3F8B7}
		{403D8AF2-E670-40E0-9B21-6AB8C97ECA7B} = {666B0EC7-D09D-4112-9514-B938D88CFBA0}
		{5D3A066B-5544-4DF1-A57F-23616EAFDE59} = {666B0EC7-D09D-4112-9514-B938D88CFBA0}
		{754C860B-18B0-41A3-B76A-0C0DC9CAEC73} = {666B0EC7-D09D-4112-9514-B938D88CFBA0}
		{F803531E-4FB0-41A4-8725-76BF7D2821EA} = {362D8E3D-36CA-4143-8A3A-AE3BE0A3F8B7}
		{C8382B08-C7AF-48DB-9AFC-4E5D534351EA} = {666B0EC7-D09D-4112-9514-B938D88CFBA0}
		{5BA29D16-4385-48C8-A270-6AD593607496} = {666B0EC7-D09D-4112-9514-B938D88CFBA0}
		{CEFDFE5C-A328-4C10-A82C-E418F73D7FCF} = {EDEAB0A2-832D-49E1-ADC0-42BD4B556916}
		{1DB2F3F6-D3D3-4EA9-8401-ED0B43D6F14B} = {666B0EC7-D09D-4112-9514-B938D88CFBA0}
		{BA69C99D-16EE-4C12-A520-536D7373AA20} = {666B0EC7-D09D-4112-9514-B938D88CFBA0}
		{11A10D28-8AE6-4C22-ACB2-227F099EAD57} = {362D8E3D-36CA-4143-8A3A-AE3BE0A3F8B7}
		{E1C27593-AF42-4708-AA18-59B677FE2C93} = {362D8E3D-36CA-4143-8A3A-AE3BE0A3F8B7}
		{CE169DAA-2A00-4BA1-BBEC-E29B791A6C0B} = {EDEAB0A2-832D-49E1-ADC0-42BD4B556916}
		{C247F2B8-DFE8-46CE-8DE5-3BDFA6C7252E} = {CDE0EC52-C979-44EA-9EF4-7B91B53125F8}
		{B3C667A7-098F-4C4B-896F-7AC5D50AF4B2} = {EDEAB0A2-832D-49E1-ADC0-42BD4B556916}
		{2BA84D28-48D9-4221-B358-74BD0FF1399C} = {CDE0EC52-C979-44EA-9EF4-7B91B53125F8}
		{0F9AF2FB-3136-4458-A5AB-1F5C42DE360F} = {CDE0EC52-C979-44EA-9EF4-7B91B53125F8}
		{6A74CF42-BFE5-4055-BFED-F2C16B830514} = {362D8E3D-36CA-4143-8A3A-AE3BE0A3F8B7}
		{9A898EC2-ABEA-4C00-BF90-400949FB9AEE} = {EDEAB0A2-832D-49E1-ADC0-42BD4B556916}
		{40A9BBF0-92B1-47FE-AA0A-181A96322F66} = {EDEAB0A2-832D-49E1-ADC0-42BD4B556916}
		{534214D7-69F6-4E2A-B6A4-7BF1D26247EB} = {EDEAB0A2-832D-49E1-ADC0-42BD4B556916}
		{1AE6C882-A377-4E19-85CA-BED6CDD245D9} = {EDEAB0A2-832D-49E1-ADC0-42BD4B556916}
	EndGlobalSection
	GlobalSection(ExtensibilityGlobals) = postSolution
		SolutionGuid = {3CD4B37C-6EEF-42C6-B16F-6458688F7DBE}
	EndGlobalSection
EndGlobal
